
Microsoft Visual Studio Solution File, Format Version 12.00
# Visual Studio 2013
VisualStudioVersion = 12.0.21005.1
MinimumVisualStudioVersion = 10.0.40219.1
Project("{FAE04EC0-301F-11D3-BF4B-00C04F79EFBC}") = "bewallwpf", "bewallwpf\bewallwpf.csproj", "{96ECBF10-09D4-4B6F-BD27-A3BEB9C9D1F2}"
	ProjectSection(ProjectDependencies) = postProject
		{9DA29CD2-3A15-49F6-92E4-A5360AB6369C} = {9DA29CD2-3A15-49F6-92E4-A5360AB6369C}
	EndProjectSection
EndProject
Project("{FAE04EC0-301F-11D3-BF4B-00C04F79EFBC}") = "WebApplication1", "WebApplication1\WebApplication1.csproj", "{9DA29CD2-3A15-49F6-92E4-A5360AB6369C}"
EndProject
Global
	GlobalSection(SolutionConfigurationPlatforms) = preSolution
		Debug|Any CPU = Debug|Any CPU
		Release|Any CPU = Release|Any CPU
	EndGlobalSection
	GlobalSection(ProjectConfigurationPlatforms) = postSolution
		{96ECBF10-09D4-4B6F-BD27-A3BEB9C9D1F2}.Debug|Any CPU.ActiveCfg = Debug|Any CPU
		{96ECBF10-09D4-4B6F-BD27-A3BEB9C9D1F2}.Debug|Any CPU.Build.0 = Debug|Any CPU
		{96ECBF10-09D4-4B6F-BD27-A3BEB9C9D1F2}.Release|Any CPU.ActiveCfg = Release|Any CPU
		{96ECBF10-09D4-4B6F-BD27-A3BEB9C9D1F2}.Release|Any CPU.Build.0 = Release|Any CPU
		{9DA29CD2-3A15-49F6-92E4-A5360AB6369C}.Debug|Any CPU.ActiveCfg = Debug|Any CPU
		{9DA29CD2-3A15-49F6-92E4-A5360AB6369C}.Debug|Any CPU.Build.0 = Debug|Any CPU
		{9DA29CD2-3A15-49F6-92E4-A5360AB6369C}.Release|Any CPU.ActiveCfg = Release|Any CPU
		{9DA29CD2-3A15-49F6-92E4-A5360AB6369C}.Release|Any CPU.Build.0 = Release|Any CPU
	EndGlobalSection
	GlobalSection(SolutionProperties) = preSolution
		HideSolutionNode = FALSE
	EndGlobalSection
EndGlobal
